
Microsoft Visual Studio Solution File, Format Version 12.00
# Visual Studio Version 17
VisualStudioVersion = 17.11.35327.3
MinimumVisualStudioVersion = 10.0.40219.1
Project("{9A19103F-16F7-4668-BE54-9A1E7A4F7556}") = "Picpay.Domain", "Picpay.Domain\Picpay.Domain.csproj", "{17D3105C-7DE5-49D5-9105-2B24966DBB14}"
EndProject
Project("{9A19103F-16F7-4668-BE54-9A1E7A4F7556}") = "Picpay.Application", "Picpay.Application\Picpay.Application.csproj", "{C8AF8929-8C20-47F7-BF7E-AF72B26A9EC4}"
EndProject
Project("{9A19103F-16F7-4668-BE54-9A1E7A4F7556}") = "Picpay.CrossCutting", "Picpay.CrossCutting\Picpay.CrossCutting.csproj", "{CA88BA9D-6F9E-4388-8453-D0E35D39A6DF}"
EndProject
Project("{9A19103F-16F7-4668-BE54-9A1E7A4F7556}") = "Picpay.Infrastructure", "Picpay.Infrastructure\Picpay.Infrastructure.csproj", "{5F85ED01-B3E9-49AB-8361-CA3EF7FEEC66}"
EndProject
Project("{9A19103F-16F7-4668-BE54-9A1E7A4F7556}") = "picpay-simplificado.http", "Picpay.BackEnd\picpay-simplificado.http.csproj", "{FC1A82C6-987D-42CE-9176-45AA7FFB128D}"
EndProject
Global
	GlobalSection(SolutionConfigurationPlatforms) = preSolution
		Debug|Any CPU = Debug|Any CPU
		Release|Any CPU = Release|Any CPU
	EndGlobalSection
	GlobalSection(ProjectConfigurationPlatforms) = postSolution
		{17D3105C-7DE5-49D5-9105-2B24966DBB14}.Debug|Any CPU.ActiveCfg = Debug|Any CPU
		{17D3105C-7DE5-49D5-9105-2B24966DBB14}.Debug|Any CPU.Build.0 = Debug|Any CPU
		{17D3105C-7DE5-49D5-9105-2B24966DBB14}.Release|Any CPU.ActiveCfg = Release|Any CPU
		{17D3105C-7DE5-49D5-9105-2B24966DBB14}.Release|Any CPU.Build.0 = Release|Any CPU
		{C8AF8929-8C20-47F7-BF7E-AF72B26A9EC4}.Debug|Any CPU.ActiveCfg = Debug|Any CPU
		{C8AF8929-8C20-47F7-BF7E-AF72B26A9EC4}.Debug|Any CPU.Build.0 = Debug|Any CPU
		{C8AF8929-8C20-47F7-BF7E-AF72B26A9EC4}.Release|Any CPU.ActiveCfg = Release|Any CPU
		{C8AF8929-8C20-47F7-BF7E-AF72B26A9EC4}.Release|Any CPU.Build.0 = Release|Any CPU
		{CA88BA9D-6F9E-4388-8453-D0E35D39A6DF}.Debug|Any CPU.ActiveCfg = Debug|Any CPU
		{CA88BA9D-6F9E-4388-8453-D0E35D39A6DF}.Debug|Any CPU.Build.0 = Debug|Any CPU
		{CA88BA9D-6F9E-4388-8453-D0E35D39A6DF}.Release|Any CPU.ActiveCfg = Release|Any CPU
		{CA88BA9D-6F9E-4388-8453-D0E35D39A6DF}.Release|Any CPU.Build.0 = Release|Any CPU
		{5F85ED01-B3E9-49AB-8361-CA3EF7FEEC66}.Debug|Any CPU.ActiveCfg = Debug|Any CPU
		{5F85ED01-B3E9-49AB-8361-CA3EF7FEEC66}.Debug|Any CPU.Build.0 = Debug|Any CPU
		{5F85ED01-B3E9-49AB-8361-CA3EF7FEEC66}.Release|Any CPU.ActiveCfg = Release|Any CPU
		{5F85ED01-B3E9-49AB-8361-CA3EF7FEEC66}.Release|Any CPU.Build.0 = Release|Any CPU
		{FC1A82C6-987D-42CE-9176-45AA7FFB128D}.Debug|Any CPU.ActiveCfg = Debug|Any CPU
		{FC1A82C6-987D-42CE-9176-45AA7FFB128D}.Debug|Any CPU.Build.0 = Debug|Any CPU
		{FC1A82C6-987D-42CE-9176-45AA7FFB128D}.Release|Any CPU.ActiveCfg = Release|Any CPU
		{FC1A82C6-987D-42CE-9176-45AA7FFB128D}.Release|Any CPU.Build.0 = Release|Any CPU
	EndGlobalSection
	GlobalSection(SolutionProperties) = preSolution
		HideSolutionNode = FALSE
	EndGlobalSection
	GlobalSection(ExtensibilityGlobals) = postSolution
		SolutionGuid = {BC4756CA-84B2-4513-806F-49A3A45DC664}
	EndGlobalSection
EndGlobal
